
Microsoft Visual Studio Solution File, Format Version 12.00
# Visual Studio 14
VisualStudioVersion = 14.0.25420.1
MinimumVisualStudioVersion = 10.0.40219.1
Project("{2150E333-8FDC-42A3-9474-1A3956D46DE8}") = "test", "test", "{C0AF58DC-D0B8-41DE-8B23-BD9F0CCBE9DC}"
EndProject
Project("{2150E333-8FDC-42A3-9474-1A3956D46DE8}") = "src", "src", "{671C7F43-BAEE-4792-BB39-4C39A60453A6}"
EndProject
Project("{2150E333-8FDC-42A3-9474-1A3956D46DE8}") = "_shareProjects", "_shareProjects", "{F95D6B3C-FC04-42B4-B349-3DA82817B2AB}"
EndProject
Project("{FAE04EC0-301F-11D3-BF4B-00C04F79EFBC}") = "Common", "..\Common\src\Common\Common.csproj", "{6C3DF461-2F2C-4AB9-912F-72DE259D311E}"
EndProject
Project("{FAE04EC0-301F-11D3-BF4B-00C04F79EFBC}") = "Common.Logger.Log4Net", "..\Common\src\Common.Logger.Log4Net\Common.Logger.Log4Net.csproj", "{D8786051-5C80-49D3-A8AF-9711DA5CD49E}"
EndProject
Project("{FAE04EC0-301F-11D3-BF4B-00C04F79EFBC}") = "Common.Serializer.JsonNet", "..\Common\src\Common.Serializer.JsonNet\Common.Serializer.JsonNet.csproj", "{B57F3331-A875-40D2-8802-21104E28CC32}"
EndProject
Project("{FAE04EC0-301F-11D3-BF4B-00C04F79EFBC}") = "WeixinSDK", "src\WeixinSDK\WeixinSDK.csproj", "{DC7AF5F6-8D9F-46E6-BD49-3486426E4702}"
EndProject
Project("{FAE04EC0-301F-11D3-BF4B-00C04F79EFBC}") = "WeixinSDK.Test", "test\WeixinSDK.Test\WeixinSDK.Test.csproj", "{0F275020-6F2E-446C-A947-F05FF51075B1}"
EndProject
Project("{FAE04EC0-301F-11D3-BF4B-00C04F79EFBC}") = "WeixinSDK.Config", "src\WeixinSDK.Config\WeixinSDK.Config.csproj", "{BE4484A0-978C-4ABF-9744-7C95F4686A6E}"
EndProject
Project("{FAE04EC0-301F-11D3-BF4B-00C04F79EFBC}") = "WeixinSDK.Config.Test", "test\WeixinSDK.Config.Test\WeixinSDK.Config.Test.csproj", "{7B3E1908-0E5F-4B3B-B427-47105FE9A880}"
EndProject
Global
	GlobalSection(SolutionConfigurationPlatforms) = preSolution
		Debug|Any CPU = Debug|Any CPU
		Release|Any CPU = Release|Any CPU
	EndGlobalSection
	GlobalSection(ProjectConfigurationPlatforms) = postSolution
		{6C3DF461-2F2C-4AB9-912F-72DE259D311E}.Debug|Any CPU.ActiveCfg = Debug|Any CPU
		{6C3DF461-2F2C-4AB9-912F-72DE259D311E}.Debug|Any CPU.Build.0 = Debug|Any CPU
		{6C3DF461-2F2C-4AB9-912F-72DE259D311E}.Release|Any CPU.ActiveCfg = Release|Any CPU
		{6C3DF461-2F2C-4AB9-912F-72DE259D311E}.Release|Any CPU.Build.0 = Release|Any CPU
		{D8786051-5C80-49D3-A8AF-9711DA5CD49E}.Debug|Any CPU.ActiveCfg = Debug|Any CPU
		{D8786051-5C80-49D3-A8AF-9711DA5CD49E}.Debug|Any CPU.Build.0 = Debug|Any CPU
		{D8786051-5C80-49D3-A8AF-9711DA5CD49E}.Release|Any CPU.ActiveCfg = Release|Any CPU
		{D8786051-5C80-49D3-A8AF-9711DA5CD49E}.Release|Any CPU.Build.0 = Release|Any CPU
		{B57F3331-A875-40D2-8802-21104E28CC32}.Debug|Any CPU.ActiveCfg = Debug|Any CPU
		{B57F3331-A875-40D2-8802-21104E28CC32}.Debug|Any CPU.Build.0 = Debug|Any CPU
		{B57F3331-A875-40D2-8802-21104E28CC32}.Release|Any CPU.ActiveCfg = Release|Any CPU
		{B57F3331-A875-40D2-8802-21104E28CC32}.Release|Any CPU.Build.0 = Release|Any CPU
		{DC7AF5F6-8D9F-46E6-BD49-3486426E4702}.Debug|Any CPU.ActiveCfg = Debug|Any CPU
		{DC7AF5F6-8D9F-46E6-BD49-3486426E4702}.Debug|Any CPU.Build.0 = Debug|Any CPU
		{DC7AF5F6-8D9F-46E6-BD49-3486426E4702}.Release|Any CPU.ActiveCfg = Release|Any CPU
		{DC7AF5F6-8D9F-46E6-BD49-3486426E4702}.Release|Any CPU.Build.0 = Release|Any CPU
		{0F275020-6F2E-446C-A947-F05FF51075B1}.Debug|Any CPU.ActiveCfg = Debug|Any CPU
		{0F275020-6F2E-446C-A947-F05FF51075B1}.Debug|Any CPU.Build.0 = Debug|Any CPU
		{0F275020-6F2E-446C-A947-F05FF51075B1}.Release|Any CPU.ActiveCfg = Release|Any CPU
		{0F275020-6F2E-446C-A947-F05FF51075B1}.Release|Any CPU.Build.0 = Release|Any CPU
		{BE4484A0-978C-4ABF-9744-7C95F4686A6E}.Debug|Any CPU.ActiveCfg = Debug|Any CPU
		{BE4484A0-978C-4ABF-9744-7C95F4686A6E}.Debug|Any CPU.Build.0 = Debug|Any CPU
		{BE4484A0-978C-4ABF-9744-7C95F4686A6E}.Release|Any CPU.ActiveCfg = Release|Any CPU
		{BE4484A0-978C-4ABF-9744-7C95F4686A6E}.Release|Any CPU.Build.0 = Release|Any CPU
		{7B3E1908-0E5F-4B3B-B427-47105FE9A880}.Debug|Any CPU.ActiveCfg = Debug|Any CPU
		{7B3E1908-0E5F-4B3B-B427-47105FE9A880}.Debug|Any CPU.Build.0 = Debug|Any CPU
		{7B3E1908-0E5F-4B3B-B427-47105FE9A880}.Release|Any CPU.ActiveCfg = Release|Any CPU
		{7B3E1908-0E5F-4B3B-B427-47105FE9A880}.Release|Any CPU.Build.0 = Release|Any CPU
	EndGlobalSection
	GlobalSection(SolutionProperties) = preSolution
		HideSolutionNode = FALSE
	EndGlobalSection
	GlobalSection(NestedProjects) = preSolution
		{6C3DF461-2F2C-4AB9-912F-72DE259D311E} = {F95D6B3C-FC04-42B4-B349-3DA82817B2AB}
		{D8786051-5C80-49D3-A8AF-9711DA5CD49E} = {F95D6B3C-FC04-42B4-B349-3DA82817B2AB}
		{B57F3331-A875-40D2-8802-21104E28CC32} = {F95D6B3C-FC04-42B4-B349-3DA82817B2AB}
		{DC7AF5F6-8D9F-46E6-BD49-3486426E4702} = {671C7F43-BAEE-4792-BB39-4C39A60453A6}
		{0F275020-6F2E-446C-A947-F05FF51075B1} = {C0AF58DC-D0B8-41DE-8B23-BD9F0CCBE9DC}
		{BE4484A0-978C-4ABF-9744-7C95F4686A6E} = {671C7F43-BAEE-4792-BB39-4C39A60453A6}
		{7B3E1908-0E5F-4B3B-B427-47105FE9A880} = {C0AF58DC-D0B8-41DE-8B23-BD9F0CCBE9DC}
	EndGlobalSection
EndGlobal
